
Microsoft Visual Studio Solution File, Format Version 12.00
# Visual Studio 15
VisualStudioVersion = 15.0.27703.2018
MinimumVisualStudioVersion = 10.0.40219.1
Project("{FAE04EC0-301F-11D3-BF4B-00C04F79EFBC}") = "UITtest", "UITtest.csproj", "{244E45A1-E00C-40BA-B8B2-73744E8AA785}"
EndProject
Project("{2150E333-8FDC-42A3-9474-1A3956D46DE8}") = "Solution Items", "Solution Items", "{3B929190-134F-4D26-AAB6-3B8E3BFD49F8}"
	ProjectSection(SolutionItems) = preProject
		README.md = README.md
	EndProjectSection
EndProject
Project("{FAE04EC0-301F-11D3-BF4B-00C04F79EFBC}") = "DesignPattern", "DesignPattern\DesignPattern.csproj", "{00491E8D-46DB-4292-AB8C-27CF9E509558}"
EndProject
Project("{FAE04EC0-301F-11D3-BF4B-00C04F79EFBC}") = "AdvancedMemory", "AdvancedMemory\AdvancedMemory.csproj", "{CF411BA4-34AC-4AF9-9722-E6F5477B89ED}"
EndProject
Project("{FAE04EC0-301F-11D3-BF4B-00C04F79EFBC}") = "EChartByOther", "OtherProjects\EChartByOther\EChartByOther\EChartByOther.csproj", "{E8A97D27-D7F6-4B2D-83AF-F891430063D7}"
EndProject
Global
	GlobalSection(SolutionConfigurationPlatforms) = preSolution
		Debug|Any CPU = Debug|Any CPU
		Debug|x64 = Debug|x64
		Debug|x86 = Debug|x86
		Release|Any CPU = Release|Any CPU
		Release|x64 = Release|x64
		Release|x86 = Release|x86
	EndGlobalSection
	GlobalSection(ProjectConfigurationPlatforms) = postSolution
		{244E45A1-E00C-40BA-B8B2-73744E8AA785}.Debug|Any CPU.ActiveCfg = Debug|Any CPU
		{244E45A1-E00C-40BA-B8B2-73744E8AA785}.Debug|Any CPU.Build.0 = Debug|Any CPU
		{244E45A1-E00C-40BA-B8B2-73744E8AA785}.Debug|x64.ActiveCfg = Debug|Any CPU
		{244E45A1-E00C-40BA-B8B2-73744E8AA785}.Debug|x64.Build.0 = Debug|Any CPU
		{244E45A1-E00C-40BA-B8B2-73744E8AA785}.Debug|x86.ActiveCfg = Debug|Any CPU
		{244E45A1-E00C-40BA-B8B2-73744E8AA785}.Debug|x86.Build.0 = Debug|Any CPU
		{244E45A1-E00C-40BA-B8B2-73744E8AA785}.Release|Any CPU.ActiveCfg = Release|Any CPU
		{244E45A1-E00C-40BA-B8B2-73744E8AA785}.Release|Any CPU.Build.0 = Release|Any CPU
		{244E45A1-E00C-40BA-B8B2-73744E8AA785}.Release|x64.ActiveCfg = Release|Any CPU
		{244E45A1-E00C-40BA-B8B2-73744E8AA785}.Release|x64.Build.0 = Release|Any CPU
		{244E45A1-E00C-40BA-B8B2-73744E8AA785}.Release|x86.ActiveCfg = Release|Any CPU
		{244E45A1-E00C-40BA-B8B2-73744E8AA785}.Release|x86.Build.0 = Release|Any CPU
		{00491E8D-46DB-4292-AB8C-27CF9E509558}.Debug|Any CPU.ActiveCfg = Debug|Any CPU
		{00491E8D-46DB-4292-AB8C-27CF9E509558}.Debug|Any CPU.Build.0 = Debug|Any CPU
		{00491E8D-46DB-4292-AB8C-27CF9E509558}.Debug|x64.ActiveCfg = Debug|Any CPU
		{00491E8D-46DB-4292-AB8C-27CF9E509558}.Debug|x64.Build.0 = Debug|Any CPU
		{00491E8D-46DB-4292-AB8C-27CF9E509558}.Debug|x86.ActiveCfg = Debug|Any CPU
		{00491E8D-46DB-4292-AB8C-27CF9E509558}.Debug|x86.Build.0 = Debug|Any CPU
		{00491E8D-46DB-4292-AB8C-27CF9E509558}.Release|Any CPU.ActiveCfg = Release|Any CPU
		{00491E8D-46DB-4292-AB8C-27CF9E509558}.Release|Any CPU.Build.0 = Release|Any CPU
		{00491E8D-46DB-4292-AB8C-27CF9E509558}.Release|x64.ActiveCfg = Release|Any CPU
		{00491E8D-46DB-4292-AB8C-27CF9E509558}.Release|x64.Build.0 = Release|Any CPU
		{00491E8D-46DB-4292-AB8C-27CF9E509558}.Release|x86.ActiveCfg = Release|Any CPU
		{00491E8D-46DB-4292-AB8C-27CF9E509558}.Release|x86.Build.0 = Release|Any CPU
		{CF411BA4-34AC-4AF9-9722-E6F5477B89ED}.Debug|Any CPU.ActiveCfg = Debug|Any CPU
		{CF411BA4-34AC-4AF9-9722-E6F5477B89ED}.Debug|Any CPU.Build.0 = Debug|Any CPU
		{CF411BA4-34AC-4AF9-9722-E6F5477B89ED}.Debug|x64.ActiveCfg = Debug|Any CPU
		{CF411BA4-34AC-4AF9-9722-E6F5477B89ED}.Debug|x64.Build.0 = Debug|Any CPU
		{CF411BA4-34AC-4AF9-9722-E6F5477B89ED}.Debug|x86.ActiveCfg = Debug|Any CPU
		{CF411BA4-34AC-4AF9-9722-E6F5477B89ED}.Debug|x86.Build.0 = Debug|Any CPU
		{CF411BA4-34AC-4AF9-9722-E6F5477B89ED}.Release|Any CPU.ActiveCfg = Release|Any CPU
		{CF411BA4-34AC-4AF9-9722-E6F5477B89ED}.Release|Any CPU.Build.0 = Release|Any CPU
		{CF411BA4-34AC-4AF9-9722-E6F5477B89ED}.Release|x64.ActiveCfg = Release|Any CPU
		{CF411BA4-34AC-4AF9-9722-E6F5477B89ED}.Release|x64.Build.0 = Release|Any CPU
		{CF411BA4-34AC-4AF9-9722-E6F5477B89ED}.Release|x86.ActiveCfg = Release|Any CPU
		{CF411BA4-34AC-4AF9-9722-E6F5477B89ED}.Release|x86.Build.0 = Release|Any CPU
		{E8A97D27-D7F6-4B2D-83AF-F891430063D7}.Debug|Any CPU.ActiveCfg = Debug|Any CPU
		{E8A97D27-D7F6-4B2D-83AF-F891430063D7}.Debug|Any CPU.Build.0 = Debug|Any CPU
		{E8A97D27-D7F6-4B2D-83AF-F891430063D7}.Debug|x64.ActiveCfg = Debug|Any CPU
		{E8A97D27-D7F6-4B2D-83AF-F891430063D7}.Debug|x64.Build.0 = Debug|Any CPU
		{E8A97D27-D7F6-4B2D-83AF-F891430063D7}.Debug|x86.ActiveCfg = Debug|Any CPU
		{E8A97D27-D7F6-4B2D-83AF-F891430063D7}.Debug|x86.Build.0 = Debug|Any CPU
		{E8A97D27-D7F6-4B2D-83AF-F891430063D7}.Release|Any CPU.ActiveCfg = Release|Any CPU
		{E8A97D27-D7F6-4B2D-83AF-F891430063D7}.Release|Any CPU.Build.0 = Release|Any CPU
		{E8A97D27-D7F6-4B2D-83AF-F891430063D7}.Release|x64.ActiveCfg = Release|Any CPU
		{E8A97D27-D7F6-4B2D-83AF-F891430063D7}.Release|x64.Build.0 = Release|Any CPU
		{E8A97D27-D7F6-4B2D-83AF-F891430063D7}.Release|x86.ActiveCfg = Release|Any CPU
		{E8A97D27-D7F6-4B2D-83AF-F891430063D7}.Release|x86.Build.0 = Release|Any CPU
	EndGlobalSection
	GlobalSection(SolutionProperties) = preSolution
		HideSolutionNode = FALSE
	EndGlobalSection
	GlobalSection(ExtensibilityGlobals) = postSolution
		SolutionGuid = {6318B530-E091-4B98-AC43-AED08A07840E}
	EndGlobalSection
EndGlobal
