
Microsoft Visual Studio Solution File, Format Version 12.00
# Visual Studio 15
VisualStudioVersion = 15.0.28307.1062
MinimumVisualStudioVersion = 10.0.40219.1
Project("{FAE04EC0-301F-11D3-BF4B-00C04F79EFBC}") = "WindowsFormsApp2", "WindowsFormsApp2\WindowsFormsApp2.csproj", "{2124E030-4C5E-4E3B-8329-42A41AD8BBA3}"
EndProject
Global
	GlobalSection(SolutionConfigurationPlatforms) = preSolution
		Debug|Any CPU = Debug|Any CPU
		Release|Any CPU = Release|Any CPU
	EndGlobalSection
	GlobalSection(ProjectConfigurationPlatforms) = postSolution
		{2124E030-4C5E-4E3B-8329-42A41AD8BBA3}.Debug|Any CPU.ActiveCfg = Debug|Any CPU
		{2124E030-4C5E-4E3B-8329-42A41AD8BBA3}.Debug|Any CPU.Build.0 = Debug|Any CPU
		{2124E030-4C5E-4E3B-8329-42A41AD8BBA3}.Release|Any CPU.ActiveCfg = Release|Any CPU
		{2124E030-4C5E-4E3B-8329-42A41AD8BBA3}.Release|Any CPU.Build.0 = Release|Any CPU
	EndGlobalSection
	GlobalSection(SolutionProperties) = preSolution
		HideSolutionNode = FALSE
	EndGlobalSection
	GlobalSection(ExtensibilityGlobals) = postSolution
		SolutionGuid = {73662B77-EA6D-40CC-85CA-6E349205B292}
	EndGlobalSection
EndGlobal
