
Microsoft Visual Studio Solution File, Format Version 12.00
# Visual Studio 15
VisualStudioVersion = 15.0.28307.1340
MinimumVisualStudioVersion = 10.0.40219.1
Project("{FAE04EC0-301F-11D3-BF4B-00C04F79EFBC}") = "EChartByOther", "EChartByOther\EChartByOther.csproj", "{E8A97D27-D7F6-4B2D-83AF-F891430063D7}"
EndProject
Global
	GlobalSection(SolutionConfigurationPlatforms) = preSolution
		Debug|Any CPU = Debug|Any CPU
		Release|Any CPU = Release|Any CPU
	EndGlobalSection
	GlobalSection(ProjectConfigurationPlatforms) = postSolution
		{E8A97D27-D7F6-4B2D-83AF-F891430063D7}.Debug|Any CPU.ActiveCfg = Debug|Any CPU
		{E8A97D27-D7F6-4B2D-83AF-F891430063D7}.Debug|Any CPU.Build.0 = Debug|Any CPU
		{E8A97D27-D7F6-4B2D-83AF-F891430063D7}.Release|Any CPU.ActiveCfg = Release|Any CPU
		{E8A97D27-D7F6-4B2D-83AF-F891430063D7}.Release|Any CPU.Build.0 = Release|Any CPU
	EndGlobalSection
	GlobalSection(SolutionProperties) = preSolution
		HideSolutionNode = FALSE
	EndGlobalSection
	GlobalSection(ExtensibilityGlobals) = postSolution
		SolutionGuid = {40EF3D83-705D-4B16-BFA6-154BB9F30E1B}
	EndGlobalSection
EndGlobal
