
Microsoft Visual Studio Solution File, Format Version 12.00
# Visual Studio 15
VisualStudioVersion = 15.0.28307.1525
MinimumVisualStudioVersion = 10.0.40219.1
Project("{FAE04EC0-301F-11D3-BF4B-00C04F79EFBC}") = "AxisAndParabola", "WindowsFormsApp1\AxisAndParabola.csproj", "{D061BD4B-B2CE-40D9-80FA-A4639C07FC7E}"
EndProject
Global
	GlobalSection(SolutionConfigurationPlatforms) = preSolution
		Debug|Any CPU = Debug|Any CPU
		Release|Any CPU = Release|Any CPU
	EndGlobalSection
	GlobalSection(ProjectConfigurationPlatforms) = postSolution
		{D061BD4B-B2CE-40D9-80FA-A4639C07FC7E}.Debug|Any CPU.ActiveCfg = Debug|Any CPU
		{D061BD4B-B2CE-40D9-80FA-A4639C07FC7E}.Debug|Any CPU.Build.0 = Debug|Any CPU
		{D061BD4B-B2CE-40D9-80FA-A4639C07FC7E}.Release|Any CPU.ActiveCfg = Release|Any CPU
		{D061BD4B-B2CE-40D9-80FA-A4639C07FC7E}.Release|Any CPU.Build.0 = Release|Any CPU
	EndGlobalSection
	GlobalSection(SolutionProperties) = preSolution
		HideSolutionNode = FALSE
	EndGlobalSection
	GlobalSection(ExtensibilityGlobals) = postSolution
		SolutionGuid = {4709684A-E145-4AA4-8888-DA1D1E5784CB}
	EndGlobalSection
EndGlobal
