
Microsoft Visual Studio Solution File, Format Version 12.00
# Visual Studio 15
VisualStudioVersion = 15.0.28307.1401
MinimumVisualStudioVersion = 10.0.40219.1
Project("{FAE04EC0-301F-11D3-BF4B-00C04F79EFBC}") = "LearnPlot", "LearnPlot.csproj", "{9ADC33F1-1641-4B2E-B51D-8F927D5D6EBA}"
EndProject
Global
	GlobalSection(SolutionConfigurationPlatforms) = preSolution
		Debug|Any CPU = Debug|Any CPU
		Release|Any CPU = Release|Any CPU
	EndGlobalSection
	GlobalSection(ProjectConfigurationPlatforms) = postSolution
		{9ADC33F1-1641-4B2E-B51D-8F927D5D6EBA}.Debug|Any CPU.ActiveCfg = Debug|Any CPU
		{9ADC33F1-1641-4B2E-B51D-8F927D5D6EBA}.Debug|Any CPU.Build.0 = Debug|Any CPU
		{9ADC33F1-1641-4B2E-B51D-8F927D5D6EBA}.Release|Any CPU.ActiveCfg = Release|Any CPU
		{9ADC33F1-1641-4B2E-B51D-8F927D5D6EBA}.Release|Any CPU.Build.0 = Release|Any CPU
	EndGlobalSection
	GlobalSection(SolutionProperties) = preSolution
		HideSolutionNode = FALSE
	EndGlobalSection
	GlobalSection(ExtensibilityGlobals) = postSolution
		SolutionGuid = {B0C26EB4-5171-44AA-9D9F-CD84C849ABF6}
	EndGlobalSection
EndGlobal
